{
    "_readme": [
        "This file locks the dependencies of your project to a known state",
        "Read more about it at https://getcomposer.org/doc/01-basic-usage.md#composer-lock-the-lock-file",
        "This file is @generated automatically"
    ],
    "hash": "487ba451370a1ebc8b880fa6520f8541",
    "content-hash": "c651ee5a999d858a22132cee841174e9",
    "packages": [
        {
            "name": "viison/address-splitter",
            "version": "0.2.2",
            "source": {
                "type": "git",
                "url": "https://github.com/VIISON/AddressSplitting.git",
                "reference": "96d3153ea464946602169d3418f255d8d82e8dee"
            },
            "dist": {
                "type": "zip",
                "url": "https://api.github.com/repos/VIISON/AddressSplitting/zipball/96d3153ea464946602169d3418f255d8d82e8dee",
                "reference": "96d3153ea464946602169d3418f255d8d82e8dee",
                "shasum": ""
            },
            "type": "library",
            "autoload": {
                "psr-4": {
                    "VIISON\\AddressSplitter\\": "src/"
                }
            },
            "notification-url": "https://packagist.org/downloads/",
            "license": [
                "MIT"
            ],
            "authors": [
                {
                    "name": "VIISON GmbH",
                    "email": "contact@viison.com"
                }
            ],
            "description": "Tries to split an address line into street name, house number and other additional information like building, apartment information etc.",
            "time": "2016-04-15 14:38:30"
        }
    ],
    "packages-dev": [],
    "aliases": [],
    "minimum-stability": "stable",
    "stability-flags": [],
    "prefer-stable": false,
    "prefer-lowest": false,
    "platform": [],
    "platform-dev": []
}
